// !$*UTF8*$!
{
	archiveVersion = 1;
	classes = {
	};
	objectVersion = 50;
	objects = {

/* Begin PBXBuildFile section */
		6334660521A39E7D0056D8A9 /* AppDelegate.swift in Sources */ = {isa = PBXBuildFile; fileRef = 6334660421A39E7D0056D8A9 /* AppDelegate.swift */; };
		6334660721A39E7D0056D8A9 /* ViewController.swift in Sources */ = {isa = PBXBuildFile; fileRef = 6334660621A39E7D0056D8A9 /* ViewController.swift */; };
		6334660A21A39E7D0056D8A9 /* Main.storyboard in Resources */ = {isa = PBXBuildFile; fileRef = 6334660821A39E7D0056D8A9 /* Main.storyboard */; };
		6334660C21A39E7E0056D8A9 /* Assets.xcassets in Resources */ = {isa = PBXBuildFile; fileRef = 6334660B21A39E7E0056D8A9 /* Assets.xcassets */; };
		6334660F21A39E7E0056D8A9 /* LaunchScreen.storyboard in Resources */ = {isa = PBXBuildFile; fileRef = 6334660D21A39E7E0056D8A9 /* LaunchScreen.storyboard */; };
		63F17E1621A3B2BC00FE1DFB /* Movies.swift in Sources */ = {isa = PBXBuildFile; fileRef = 63F17E1521A3B2BC00FE1DFB /* Movies.swift */; };
		63F17E1921A3BD7200FE1DFB /* MoviesTableViewController.swift in Sources */ = {isa = PBXBuildFile; fileRef = 63F17E1721A3BD7200FE1DFB /* MoviesTableViewController.swift */; };
		63F17E1F21A3BEDD00FE1DFB /* MoviesTableViewCell.swift in Sources */ = {isa = PBXBuildFile; fileRef = 63F17E1D21A3BEDD00FE1DFB /* MoviesTableViewCell.swift */; };
		63F17E2021A3BEDD00FE1DFB /* MoviesTableViewCell.xib in Resources */ = {isa = PBXBuildFile; fileRef = 63F17E1E21A3BEDD00FE1DFB /* MoviesTableViewCell.xib */; };
		63F17E2221A3D41300FE1DFB /* Series.swift in Sources */ = {isa = PBXBuildFile; fileRef = 63F17E2121A3D41300FE1DFB /* Series.swift */; };
		63F17E2421A3D5A500FE1DFB /* SeriesTableViewController.swift in Sources */ = {isa = PBXBuildFile; fileRef = 63F17E2321A3D5A500FE1DFB /* SeriesTableViewController.swift */; };
		63F17E2721A3D5D600FE1DFB /* SeriesTableViewCell.swift in Sources */ = {isa = PBXBuildFile; fileRef = 63F17E2521A3D5D600FE1DFB /* SeriesTableViewCell.swift */; };
		63F17E2821A3D5D600FE1DFB /* SeriesTableViewCell.xib in Resources */ = {isa = PBXBuildFile; fileRef = 63F17E2621A3D5D600FE1DFB /* SeriesTableViewCell.xib */; };
		63F17E2A21A4623E00FE1DFB /* MovieDetailViewController.swift in Sources */ = {isa = PBXBuildFile; fileRef = 63F17E2921A4623E00FE1DFB /* MovieDetailViewController.swift */; };
		63F17E2C21A4625600FE1DFB /* SerieDetailViewController.swift in Sources */ = {isa = PBXBuildFile; fileRef = 63F17E2B21A4625600FE1DFB /* SerieDetailViewController.swift */; };
		63F17E2E21A4627200FE1DFB /* MoviePosterViewController.swift in Sources */ = {isa = PBXBuildFile; fileRef = 63F17E2D21A4627200FE1DFB /* MoviePosterViewController.swift */; };
		63F17E3021A4628000FE1DFB /* SeriePosterViewController.swift in Sources */ = {isa = PBXBuildFile; fileRef = 63F17E2F21A4628000FE1DFB /* SeriePosterViewController.swift */; };
		7A138DD22E0D0A90DC2D6A99 /* Pods_Movies_Series.framework in Frameworks */ = {isa = PBXBuildFile; fileRef = 7C80FED86C7481A47005411A /* Pods_Movies_Series.framework */; };
/* End PBXBuildFile section */

/* Begin PBXFileReference section */
		31BDA1CE93705473929D54D6 /* Pods-Movies-Series.debug.xcconfig */ = {isa = PBXFileReference; includeInIndex = 1; lastKnownFileType = text.xcconfig; name = "Pods-Movies-Series.debug.xcconfig"; path = "Pods/Target Support Files/Pods-Movies-Series/Pods-Movies-Series.debug.xcconfig"; sourceTree = "<group>"; };
		6334660121A39E7D0056D8A9 /* Movies-Series.app */ = {isa = PBXFileReference; explicitFileType = wrapper.application; includeInIndex = 0; path = "Movies-Series.app"; sourceTree = BUILT_PRODUCTS_DIR; };
		6334660421A39E7D0056D8A9 /* AppDelegate.swift */ = {isa = PBXFileReference; lastKnownFileType = sourcecode.swift; path = AppDelegate.swift; sourceTree = "<group>"; };
		6334660621A39E7D0056D8A9 /* ViewController.swift */ = {isa = PBXFileReference; lastKnownFileType = sourcecode.swift; path = ViewController.swift; sourceTree = "<group>"; };
		6334660921A39E7D0056D8A9 /* Base */ = {isa = PBXFileReference; lastKnownFileType = file.storyboard; name = Base; path = Base.lproj/Main.storyboard; sourceTree = "<group>"; };
		6334660B21A39E7E0056D8A9 /* Assets.xcassets */ = {isa = PBXFileReference; lastKnownFileType = folder.assetcatalog; path = Assets.xcassets; sourceTree = "<group>"; };
		6334660E21A39E7E0056D8A9 /* Base */ = {isa = PBXFileReference; lastKnownFileType = file.storyboard; name = Base; path = Base.lproj/LaunchScreen.storyboard; sourceTree = "<group>"; };
		6334661021A39E7E0056D8A9 /* Info.plist */ = {isa = PBXFileReference; lastKnownFileType = text.plist.xml; path = Info.plist; sourceTree = "<group>"; };
		6397B79921A4F3B100D4D05D /* README.md */ = {isa = PBXFileReference; lastKnownFileType = net.daringfireball.markdown; path = README.md; sourceTree = "<group>"; };
		63F17E1521A3B2BC00FE1DFB /* Movies.swift */ = {isa = PBXFileReference; lastKnownFileType = sourcecode.swift; path = Movies.swift; sourceTree = "<group>"; };
		63F17E1721A3BD7200FE1DFB /* MoviesTableViewController.swift */ = {isa = PBXFileReference; lastKnownFileType = sourcecode.swift; path = MoviesTableViewController.swift; sourceTree = "<group>"; };
		63F17E1D21A3BEDD00FE1DFB /* MoviesTableViewCell.swift */ = {isa = PBXFileReference; lastKnownFileType = sourcecode.swift; path = MoviesTableViewCell.swift; sourceTree = "<group>"; };
		63F17E1E21A3BEDD00FE1DFB /* MoviesTableViewCell.xib */ = {isa = PBXFileReference; lastKnownFileType = file.xib; path = MoviesTableViewCell.xib; sourceTree = "<group>"; };
		63F17E2121A3D41300FE1DFB /* Series.swift */ = {isa = PBXFileReference; lastKnownFileType = sourcecode.swift; path = Series.swift; sourceTree = "<group>"; };
		63F17E2321A3D5A500FE1DFB /* SeriesTableViewController.swift */ = {isa = PBXFileReference; lastKnownFileType = sourcecode.swift; path = SeriesTableViewController.swift; sourceTree = "<group>"; };
		63F17E2521A3D5D600FE1DFB /* SeriesTableViewCell.swift */ = {isa = PBXFileReference; lastKnownFileType = sourcecode.swift; path = SeriesTableViewCell.swift; sourceTree = "<group>"; };
		63F17E2621A3D5D600FE1DFB /* SeriesTableViewCell.xib */ = {isa = PBXFileReference; lastKnownFileType = file.xib; path = SeriesTableViewCell.xib; sourceTree = "<group>"; };
		63F17E2921A4623E00FE1DFB /* MovieDetailViewController.swift */ = {isa = PBXFileReference; lastKnownFileType = sourcecode.swift; path = MovieDetailViewController.swift; sourceTree = "<group>"; };
		63F17E2B21A4625600FE1DFB /* SerieDetailViewController.swift */ = {isa = PBXFileReference; lastKnownFileType = sourcecode.swift; path = SerieDetailViewController.swift; sourceTree = "<group>"; };
		63F17E2D21A4627200FE1DFB /* MoviePosterViewController.swift */ = {isa = PBXFileReference; lastKnownFileType = sourcecode.swift; path = MoviePosterViewController.swift; sourceTree = "<group>"; };
		63F17E2F21A4628000FE1DFB /* SeriePosterViewController.swift */ = {isa = PBXFileReference; lastKnownFileType = sourcecode.swift; path = SeriePosterViewController.swift; sourceTree = "<group>"; };
		7C80FED86C7481A47005411A /* Pods_Movies_Series.framework */ = {isa = PBXFileReference; explicitFileType = wrapper.framework; includeInIndex = 0; path = Pods_Movies_Series.framework; sourceTree = BUILT_PRODUCTS_DIR; };
		F82DD55303AC1A945B92CDD6 /* Pods-Movies-Series.release.xcconfig */ = {isa = PBXFileReference; includeInIndex = 1; lastKnownFileType = text.xcconfig; name = "Pods-Movies-Series.release.xcconfig"; path = "Pods/Target Support Files/Pods-Movies-Series/Pods-Movies-Series.release.xcconfig"; sourceTree = "<group>"; };
/* End PBXFileReference section */

/* Begin PBXFrameworksBuildPhase section */
		633465FE21A39E7D0056D8A9 /* Frameworks */ = {
			isa = PBXFrameworksBuildPhase;
			buildActionMask = 2147483647;
			files = (
				7A138DD22E0D0A90DC2D6A99 /* Pods_Movies_Series.framework in Frameworks */,
			);
			runOnlyForDeploymentPostprocessing = 0;
		};
/* End PBXFrameworksBuildPhase section */

/* Begin PBXGroup section */
		4E27D2441EEF3DB337A6A4BE /* Frameworks */ = {
			isa = PBXGroup;
			children = (
				7C80FED86C7481A47005411A /* Pods_Movies_Series.framework */,
			);
			name = Frameworks;
			sourceTree = "<group>";
		};
		633465F821A39E7D0056D8A9 = {
			isa = PBXGroup;
			children = (
				6334660321A39E7D0056D8A9 /* Movies-Series */,
				6334660221A39E7D0056D8A9 /* Products */,
				6C3C4C10FD25D47E13331C16 /* Pods */,
				4E27D2441EEF3DB337A6A4BE /* Frameworks */,
			);
			sourceTree = "<group>";
		};
		6334660221A39E7D0056D8A9 /* Products */ = {
			isa = PBXGroup;
			children = (
				6334660121A39E7D0056D8A9 /* Movies-Series.app */,
			);
			name = Products;
			sourceTree = "<group>";
		};
		6334660321A39E7D0056D8A9 /* Movies-Series */ = {
			isa = PBXGroup;
			children = (
				63F17E1321A3A78D00FE1DFB /* Models */,
				63F17E1221A3A78000FE1DFB /* Views */,
				63F17E1421A3A79700FE1DFB /* Controllers */,
				6334660B21A39E7E0056D8A9 /* Assets.xcassets */,
				6334661021A39E7E0056D8A9 /* Info.plist */,
				6397B79921A4F3B100D4D05D /* README.md */,
			);
			path = "Movies-Series";
			sourceTree = "<group>";
		};
		63F17E1221A3A78000FE1DFB /* Views */ = {
			isa = PBXGroup;
			children = (
				6334660821A39E7D0056D8A9 /* Main.storyboard */,
				6334660D21A39E7E0056D8A9 /* LaunchScreen.storyboard */,
			);
			path = Views;
			sourceTree = "<group>";
		};
		63F17E1321A3A78D00FE1DFB /* Models */ = {
			isa = PBXGroup;
			children = (
				63F17E1521A3B2BC00FE1DFB /* Movies.swift */,
				63F17E2121A3D41300FE1DFB /* Series.swift */,
			);
			path = Models;
			sourceTree = "<group>";
		};
		63F17E1421A3A79700FE1DFB /* Controllers */ = {
			isa = PBXGroup;
			children = (
				63F17E1721A3BD7200FE1DFB /* MoviesTableViewController.swift */,
				6334660421A39E7D0056D8A9 /* AppDelegate.swift */,
				6334660621A39E7D0056D8A9 /* ViewController.swift */,
				63F17E1D21A3BEDD00FE1DFB /* MoviesTableViewCell.swift */,
				63F17E1E21A3BEDD00FE1DFB /* MoviesTableViewCell.xib */,
				63F17E2321A3D5A500FE1DFB /* SeriesTableViewController.swift */,
				63F17E2521A3D5D600FE1DFB /* SeriesTableViewCell.swift */,
				63F17E2621A3D5D600FE1DFB /* SeriesTableViewCell.xib */,
				63F17E2921A4623E00FE1DFB /* MovieDetailViewController.swift */,
				63F17E2B21A4625600FE1DFB /* SerieDetailViewController.swift */,
				63F17E2D21A4627200FE1DFB /* MoviePosterViewController.swift */,
				63F17E2F21A4628000FE1DFB /* SeriePosterViewController.swift */,
			);
			path = Controllers;
			sourceTree = "<group>";
		};
		6C3C4C10FD25D47E13331C16 /* Pods */ = {
			isa = PBXGroup;
			children = (
				31BDA1CE93705473929D54D6 /* Pods-Movies-Series.debug.xcconfig */,
				F82DD55303AC1A945B92CDD6 /* Pods-Movies-Series.release.xcconfig */,
			);
			name = Pods;
			sourceTree = "<group>";
		};
/* End PBXGroup section */

/* Begin PBXNativeTarget section */
		6334660021A39E7D0056D8A9 /* Movies-Series */ = {
			isa = PBXNativeTarget;
			buildConfigurationList = 6334661321A39E7E0056D8A9 /* Build configuration list for PBXNativeTarget "Movies-Series" */;
			buildPhases = (
				0C256F796032C6C7AA453078 /* [CP] Check Pods Manifest.lock */,
				633465FD21A39E7D0056D8A9 /* Sources */,
				633465FE21A39E7D0056D8A9 /* Frameworks */,
				633465FF21A39E7D0056D8A9 /* Resources */,
				3666CB9657CED623414A1DD8 /* [CP] Embed Pods Frameworks */,
			);
			buildRules = (
			);
			dependencies = (
			);
			name = "Movies-Series";
			productName = "Movies-Series";
			productReference = 6334660121A39E7D0056D8A9 /* Movies-Series.app */;
			productType = "com.apple.product-type.application";
		};
/* End PBXNativeTarget section */

/* Begin PBXProject section */
		633465F921A39E7D0056D8A9 /* Project object */ = {
			isa = PBXProject;
			attributes = {
				LastSwiftUpdateCheck = 1000;
				LastUpgradeCheck = 1000;
				ORGANIZATIONNAME = Bugsracer;
				TargetAttributes = {
					6334660021A39E7D0056D8A9 = {
						CreatedOnToolsVersion = 10.0;
					};
				};
			};
			buildConfigurationList = 633465FC21A39E7D0056D8A9 /* Build configuration list for PBXProject "Movies-Series" */;
			compatibilityVersion = "Xcode 9.3";
			developmentRegion = en;
			hasScannedForEncodings = 0;
			knownRegions = (
				en,
				Base,
			);
			mainGroup = 633465F821A39E7D0056D8A9;
			productRefGroup = 6334660221A39E7D0056D8A9 /* Products */;
			projectDirPath = "";
			projectRoot = "";
			targets = (
				6334660021A39E7D0056D8A9 /* Movies-Series */,
			);
		};
/* End PBXProject section */

/* Begin PBXResourcesBuildPhase section */
		633465FF21A39E7D0056D8A9 /* Resources */ = {
			isa = PBXResourcesBuildPhase;
			buildActionMask = 2147483647;
			files = (
				6334660F21A39E7E0056D8A9 /* LaunchScreen.storyboard in Resources */,
				6334660C21A39E7E0056D8A9 /* Assets.xcassets in Resources */,
				63F17E2821A3D5D600FE1DFB /* SeriesTableViewCell.xib in Resources */,
				63F17E2021A3BEDD00FE1DFB /* MoviesTableViewCell.xib in Resources */,
				6334660A21A39E7D0056D8A9 /* Main.storyboard in Resources */,
			);
			runOnlyForDeploymentPostprocessing = 0;
		};
/* End PBXResourcesBuildPhase section */

/* Begin PBXShellScriptBuildPhase section */
		0C256F796032C6C7AA453078 /* [CP] Check Pods Manifest.lock */ = {
			isa = PBXShellScriptBuildPhase;
			buildActionMask = 2147483647;
			files = (
			);
			inputPaths = (
				"${PODS_PODFILE_DIR_PATH}/Podfile.lock",
				"${PODS_ROOT}/Manifest.lock",
			);
			name = "[CP] Check Pods Manifest.lock";
			outputPaths = (
				"$(DERIVED_FILE_DIR)/Pods-Movies-Series-checkManifestLockResult.txt",
			);
			runOnlyForDeploymentPostprocessing = 0;
			shellPath = /bin/sh;
			shellScript = "diff \"${PODS_PODFILE_DIR_PATH}/Podfile.lock\" \"${PODS_ROOT}/Manifest.lock\" > /dev/null\nif [ $? != 0 ] ; then\n    # print error to STDERR\n    echo \"error: The sandbox is not in sync with the Podfile.lock. Run 'pod install' or update your CocoaPods installation.\" >&2\n    exit 1\nfi\n# This output is used by Xcode 'outputs' to avoid re-running this script phase.\necho \"SUCCESS\" > \"${SCRIPT_OUTPUT_FILE_0}\"\n";
			showEnvVarsInLog = 0;
		};
		3666CB9657CED623414A1DD8 /* [CP] Embed Pods Frameworks */ = {
			isa = PBXShellScriptBuildPhase;
			buildActionMask = 2147483647;
			files = (
			);
			inputPaths = (
				"${SRCROOT}/Pods/Target Support Files/Pods-Movies-Series/Pods-Movies-Series-frameworks.sh",
				"${BUILT_PRODUCTS_DIR}/Alamofire/Alamofire.framework",
				"${BUILT_PRODUCTS_DIR}/ChameleonFramework/ChameleonFramework.framework",
				"${BUILT_PRODUCTS_DIR}/SVProgressHUD/SVProgressHUD.framework",
				"${BUILT_PRODUCTS_DIR}/SwiftyJSON/SwiftyJSON.framework",
			);
			name = "[CP] Embed Pods Frameworks";
			outputPaths = (
				"${TARGET_BUILD_DIR}/${FRAMEWORKS_FOLDER_PATH}/Alamofire.framework",
				"${TARGET_BUILD_DIR}/${FRAMEWORKS_FOLDER_PATH}/ChameleonFramework.framework",
				"${TARGET_BUILD_DIR}/${FRAMEWORKS_FOLDER_PATH}/SVProgressHUD.framework",
				"${TARGET_BUILD_DIR}/${FRAMEWORKS_FOLDER_PATH}/SwiftyJSON.framework",
			);
			runOnlyForDeploymentPostprocessing = 0;
			shellPath = /bin/sh;
			shellScript = "\"${SRCROOT}/Pods/Target Support Files/Pods-Movies-Series/Pods-Movies-Series-frameworks.sh\"\n";
			showEnvVarsInLog = 0;
		};
/* End PBXShellScriptBuildPhase section */

/* Begin PBXSourcesBuildPhase section */
		633465FD21A39E7D0056D8A9 /* Sources */ = {
			isa = PBXSourcesBuildPhase;
			buildActionMask = 2147483647;
			files = (
				63F17E2E21A4627200FE1DFB /* MoviePosterViewController.swift in Sources */,
				63F17E2221A3D41300FE1DFB /* Series.swift in Sources */,
				63F17E1921A3BD7200FE1DFB /* MoviesTableViewController.swift in Sources */,
				63F17E2721A3D5D600FE1DFB /* SeriesTableViewCell.swift in Sources */,
				63F17E2421A3D5A500FE1DFB /* SeriesTableViewController.swift in Sources */,
				63F17E2C21A4625600FE1DFB /* SerieDetailViewController.swift in Sources */,
				63F17E3021A4628000FE1DFB /* SeriePosterViewController.swift in Sources */,
				6334660721A39E7D0056D8A9 /* ViewController.swift in Sources */,
				63F17E2A21A4623E00FE1DFB /* MovieDetailViewController.swift in Sources */,
				63F17E1F21A3BEDD00FE1DFB /* MoviesTableViewCell.swift in Sources */,
				6334660521A39E7D0056D8A9 /* AppDelegate.swift in Sources */,
				63F17E1621A3B2BC00FE1DFB /* Movies.swift in Sources */,
			);
			runOnlyForDeploymentPostprocessing = 0;
		};
/* End PBXSourcesBuildPhase section */

/* Begin PBXVariantGroup section */
		6334660821A39E7D0056D8A9 /* Main.storyboard */ = {
			isa = PBXVariantGroup;
			children = (
				6334660921A39E7D0056D8A9 /* Base */,
			);
			name = Main.storyboard;
			sourceTree = "<group>";
		};
		6334660D21A39E7E0056D8A9 /* LaunchScreen.storyboard */ = {
			isa = PBXVariantGroup;
			children = (
				6334660E21A39E7E0056D8A9 /* Base */,
			);
			name = LaunchScreen.storyboard;
			sourceTree = "<group>";
		};
/* End PBXVariantGroup section */

/* Begin XCBuildConfiguration section */
		6334661121A39E7E0056D8A9 /* Debug */ = {
			isa = XCBuildConfiguration;
			buildSettings = {
				ALWAYS_SEARCH_USER_PATHS = NO;
				CLANG_ANALYZER_NONNULL = YES;
				CLANG_ANALYZER_NUMBER_OBJECT_CONVERSION = YES_AGGRESSIVE;
				CLANG_CXX_LANGUAGE_STANDARD = "gnu++14";
				CLANG_CXX_LIBRARY = "libc++";
				CLANG_ENABLE_MODULES = YES;
				CLANG_ENABLE_OBJC_ARC = YES;
				CLANG_ENABLE_OBJC_WEAK = YES;
				CLANG_WARN_BLOCK_CAPTURE_AUTORELEASING = YES;
				CLANG_WARN_BOOL_CONVERSION = YES;
				CLANG_WARN_COMMA = YES;
				CLANG_WARN_CONSTANT_CONVERSION = YES;
				CLANG_WARN_DEPRECATED_OBJC_IMPLEMENTATIONS = YES;
				CLANG_WARN_DIRECT_OBJC_ISA_USAGE = YES_ERROR;
				CLANG_WARN_DOCUMENTATION_COMMENTS = YES;
				CLANG_WARN_EMPTY_BODY = YES;
				CLANG_WARN_ENUM_CONVERSION = YES;
				CLANG_WARN_INFINITE_RECURSION = YES;
				CLANG_WARN_INT_CONVERSION = YES;
				CLANG_WARN_NON_LITERAL_NULL_CONVERSION = YES;
				CLANG_WARN_OBJC_IMPLICIT_RETAIN_SELF = YES;
				CLANG_WARN_OBJC_LITERAL_CONVERSION = YES;
				CLANG_WARN_OBJC_ROOT_CLASS = YES_ERROR;
				CLANG_WARN_RANGE_LOOP_ANALYSIS = YES;
				CLANG_WARN_STRICT_PROTOTYPES = YES;
				CLANG_WARN_SUSPICIOUS_MOVE = YES;
				CLANG_WARN_UNGUARDED_AVAILABILITY = YES_AGGRESSIVE;
				CLANG_WARN_UNREACHABLE_CODE = YES;
				CLANG_WARN__DUPLICATE_METHOD_MATCH = YES;
				CODE_SIGN_IDENTITY = "iPhone Developer";
				COPY_PHASE_STRIP = NO;
				DEBUG_INFORMATION_FORMAT = dwarf;
				ENABLE_STRICT_OBJC_MSGSEND = YES;
				ENABLE_TESTABILITY = YES;
				GCC_C_LANGUAGE_STANDARD = gnu11;
				GCC_DYNAMIC_NO_PIC = NO;
				GCC_NO_COMMON_BLOCKS = YES;
				GCC_OPTIMIZATION_LEVEL = 0;
				GCC_PREPROCESSOR_DEFINITIONS = (
					"DEBUG=1",
					"$(inherited)",
				);
				GCC_WARN_64_TO_32_BIT_CONVERSION = YES;
				GCC_WARN_ABOUT_RETURN_TYPE = YES_ERROR;
				GCC_WARN_UNDECLARED_SELECTOR = YES;
				GCC_WARN_UNINITIALIZED_AUTOS = YES_AGGRESSIVE;
				GCC_WARN_UNUSED_FUNCTION = YES;
				GCC_WARN_UNUSED_VARIABLE = YES;
				IPHONEOS_DEPLOYMENT_TARGET = 12.0;
				MTL_ENABLE_DEBUG_INFO = INCLUDE_SOURCE;
				MTL_FAST_MATH = YES;
				ONLY_ACTIVE_ARCH = YES;
				SDKROOT = iphoneos;
				SWIFT_ACTIVE_COMPILATION_CONDITIONS = DEBUG;
				SWIFT_OPTIMIZATION_LEVEL = "-Onone";
			};
			name = Debug;
		};
		6334661221A39E7E0056D8A9 /* Release */ = {
			isa = XCBuildConfiguration;
			buildSettings = {
				ALWAYS_SEARCH_USER_PATHS = NO;
				CLANG_ANALYZER_NONNULL = YES;
				CLANG_ANALYZER_NUMBER_OBJECT_CONVERSION = YES_AGGRESSIVE;
				CLANG_CXX_LANGUAGE_STANDARD = "gnu++14";
				CLANG_CXX_LIBRARY = "libc++";
				CLANG_ENABLE_MODULES = YES;
				CLANG_ENABLE_OBJC_ARC = YES;
				CLANG_ENABLE_OBJC_WEAK = YES;
				CLANG_WARN_BLOCK_CAPTURE_AUTORELEASING = YES;
				CLANG_WARN_BOOL_CONVERSION = YES;
				CLANG_WARN_COMMA = YES;
				CLANG_WARN_CONSTANT_CONVERSION = YES;
				CLANG_WARN_DEPRECATED_OBJC_IMPLEMENTATIONS = YES;
				CLANG_WARN_DIRECT_OBJC_ISA_USAGE = YES_ERROR;
				CLANG_WARN_DOCUMENTATION_COMMENTS = YES;
				CLANG_WARN_EMPTY_BODY = YES;
				CLANG_WARN_ENUM_CONVERSION = YES;
				CLANG_WARN_INFINITE_RECURSION = YES;
				CLANG_WARN_INT_CONVERSION = YES;
				CLANG_WARN_NON_LITERAL_NULL_CONVERSION = YES;
				CLANG_WARN_OBJC_IMPLICIT_RETAIN_SELF = YES;
				CLANG_WARN_OBJC_LITERAL_CONVERSION = YES;
				CLANG_WARN_OBJC_ROOT_CLASS = YES_ERROR;
				CLANG_WARN_RANGE_LOOP_ANALYSIS = YES;
				CLANG_WARN_STRICT_PROTOTYPES = YES;
				CLANG_WARN_SUSPICIOUS_MOVE = YES;
				CLANG_WARN_UNGUARDED_AVAILABILITY = YES_AGGRESSIVE;
				CLANG_WARN_UNREACHABLE_CODE = YES;
				CLANG_WARN__DUPLICATE_METHOD_MATCH = YES;
				CODE_SIGN_IDENTITY = "iPhone Developer";
				COPY_PHASE_STRIP = NO;
				DEBUG_INFORMATION_FORMAT = "dwarf-with-dsym";
				ENABLE_NS_ASSERTIONS = NO;
				ENABLE_STRICT_OBJC_MSGSEND = YES;
				GCC_C_LANGUAGE_STANDARD = gnu11;
				GCC_NO_COMMON_BLOCKS = YES;
				GCC_WARN_64_TO_32_BIT_CONVERSION = YES;
				GCC_WARN_ABOUT_RETURN_TYPE = YES_ERROR;
				GCC_WARN_UNDECLARED_SELECTOR = YES;
				GCC_WARN_UNINITIALIZED_AUTOS = YES_AGGRESSIVE;
				GCC_WARN_UNUSED_FUNCTION = YES;
				GCC_WARN_UNUSED_VARIABLE = YES;
				IPHONEOS_DEPLOYMENT_TARGET = 12.0;
				MTL_ENABLE_DEBUG_INFO = NO;
				MTL_FAST_MATH = YES;
				SDKROOT = iphoneos;
				SWIFT_COMPILATION_MODE = wholemodule;
				SWIFT_OPTIMIZATION_LEVEL = "-O";
				VALIDATE_PRODUCT = YES;
			};
			name = Release;
		};
		6334661421A39E7E0056D8A9 /* Debug */ = {
			isa = XCBuildConfiguration;
			baseConfigurationReference = 31BDA1CE93705473929D54D6 /* Pods-Movies-Series.debug.xcconfig */;
			buildSettings = {
				ASSETCATALOG_COMPILER_APPICON_NAME = AppIcon;
				CODE_SIGN_STYLE = Automatic;
				DEVELOPMENT_TEAM = J97L2A8AMM;
				INFOPLIST_FILE = "Movies-Series/Info.plist";
				LD_RUNPATH_SEARCH_PATHS = (
					"$(inherited)",
					"@executable_path/Frameworks",
				);
				PRODUCT_BUNDLE_IDENTIFIER = "Bugsracer.Movies-Series";
				PRODUCT_NAME = "$(TARGET_NAME)";
				SWIFT_VERSION = 4.2;
				TARGETED_DEVICE_FAMILY = "1,2";
			};
			name = Debug;
		};
		6334661521A39E7E0056D8A9 /* Release */ = {
			isa = XCBuildConfiguration;
			baseConfigurationReference = F82DD55303AC1A945B92CDD6 /* Pods-Movies-Series.release.xcconfig */;
			buildSettings = {
				ASSETCATALOG_COMPILER_APPICON_NAME = AppIcon;
				CODE_SIGN_STYLE = Automatic;
				DEVELOPMENT_TEAM = J97L2A8AMM;
				INFOPLIST_FILE = "Movies-Series/Info.plist";
				LD_RUNPATH_SEARCH_PATHS = (
					"$(inherited)",
					"@executable_path/Frameworks",
				);
				PRODUCT_BUNDLE_IDENTIFIER = "Bugsracer.Movies-Series";
				PRODUCT_NAME = "$(TARGET_NAME)";
				SWIFT_VERSION = 4.2;
				TARGETED_DEVICE_FAMILY = "1,2";
			};
			name = Release;
		};
/* End XCBuildConfiguration section */

/* Begin XCConfigurationList section */
		633465FC21A39E7D0056D8A9 /* Build configuration list for PBXProject "Movies-Series" */ = {
			isa = XCConfigurationList;
			buildConfigurations = (
				6334661121A39E7E0056D8A9 /* Debug */,
				6334661221A39E7E0056D8A9 /* Release */,
			);
			defaultConfigurationIsVisible = 0;
			defaultConfigurationName = Release;
		};
		6334661321A39E7E0056D8A9 /* Build configuration list for PBXNativeTarget "Movies-Series" */ = {
			isa = XCConfigurationList;
			buildConfigurations = (
				6334661421A39E7E0056D8A9 /* Debug */,
				6334661521A39E7E0056D8A9 /* Release */,
			);
			defaultConfigurationIsVisible = 0;
			defaultConfigurationName = Release;
		};
/* End XCConfigurationList section */
	};
	rootObject = 633465F921A39E7D0056D8A9 /* Project object */;
}
